
Microsoft Visual Studio Solution File, Format Version 12.00
# Visual Studio 15
VisualStudioVersion = 15.0.27729.1
MinimumVisualStudioVersion = 10.0.40219.1
Project("{FAE04EC0-301F-11D3-BF4B-00C04F79EFBC}") = "TicTacToe", "TicTacToe\TicTacToe.csproj", "{3FB96A9D-714B-446D-A40F-646699E42B28}"
EndProject
Global
	GlobalSection(SolutionConfigurationPlatforms) = preSolution
		Debug|Any CPU = Debug|Any CPU
		Release|Any CPU = Release|Any CPU
	EndGlobalSection
	GlobalSection(ProjectConfigurationPlatforms) = postSolution
		{3FB96A9D-714B-446D-A40F-646699E42B28}.Debug|Any CPU.ActiveCfg = Debug|Any CPU
		{3FB96A9D-714B-446D-A40F-646699E42B28}.Debug|Any CPU.Build.0 = Debug|Any CPU
		{3FB96A9D-714B-446D-A40F-646699E42B28}.Release|Any CPU.ActiveCfg = Release|Any CPU
		{3FB96A9D-714B-446D-A40F-646699E42B28}.Release|Any CPU.Build.0 = Release|Any CPU
	EndGlobalSection
	GlobalSection(SolutionProperties) = preSolution
		HideSolutionNode = FALSE
	EndGlobalSection
	GlobalSection(ExtensibilityGlobals) = postSolution
		SolutionGuid = {F30BBE9C-1228-499A-91A9-AFA6C149AB1D}
	EndGlobalSection
EndGlobal
